
Microsoft Visual Studio Solution File, Format Version 12.00
# Visual Studio Version 17
VisualStudioVersion = 17.10.35013.160
MinimumVisualStudioVersion = 10.0.40219.1
Project("{2150E333-8FDC-42A3-9474-1A3956D46DE8}") = "src", "src", "{B7FE5C5A-E7B2-4D9B-8F90-FD9870DC4448}"
EndProject
Project("{FAE04EC0-301F-11D3-BF4B-00C04F79EFBC}") = "Calculator", "src\Calculator.csproj", "{DEEDB202-E34C-4F6F-9A5F-877BD41610A1}"
EndProject
Global
	GlobalSection(SolutionConfigurationPlatforms) = preSolution
		Debug|Any CPU = Debug|Any CPU
		Release|Any CPU = Release|Any CPU
	EndGlobalSection
	GlobalSection(ProjectConfigurationPlatforms) = postSolution
		{DEEDB202-E34C-4F6F-9A5F-877BD41610A1}.Debug|Any CPU.ActiveCfg = Debug|Any CPU
		{DEEDB202-E34C-4F6F-9A5F-877BD41610A1}.Debug|Any CPU.Build.0 = Debug|Any CPU
		{DEEDB202-E34C-4F6F-9A5F-877BD41610A1}.Release|Any CPU.ActiveCfg = Release|Any CPU
		{DEEDB202-E34C-4F6F-9A5F-877BD41610A1}.Release|Any CPU.Build.0 = Release|Any CPU
	EndGlobalSection
	GlobalSection(SolutionProperties) = preSolution
		HideSolutionNode = FALSE
	EndGlobalSection
	GlobalSection(NestedProjects) = preSolution
		{DEEDB202-E34C-4F6F-9A5F-877BD41610A1} = {B7FE5C5A-E7B2-4D9B-8F90-FD9870DC4448}
	EndGlobalSection
	GlobalSection(ExtensibilityGlobals) = postSolution
		SolutionGuid = {C499F2B0-BA63-4CA7-A07B-6867316E8F78}
	EndGlobalSection
EndGlobal
